// !$*UTF8*$!
{
	archiveVersion = 1;
	classes = {
	};
	objectVersion = 77;
	objects = {

/* Begin PBXBuildFile section */
		1517CFBAF9CAADB55C1BAA02 /* TerminalPanel.swift in Sources */ = {isa = PBXBuildFile; fileRef = F2F56CA5D22D9BF2B7BBBE59 /* TerminalPanel.swift */; };
		2ECB4EC9FF76A07676CBE5B2 /* AppCommands.swift in Sources */ = {isa = PBXBuildFile; fileRef = 81A12313DD74934B6613C7B5 /* AppCommands.swift */; };
		31E2AA58DEC809FCB0172A5B /* GitStatus.swift in Sources */ = {isa = PBXBuildFile; fileRef = E815DBD675E5887408604705 /* GitStatus.swift */; };
		3D32163E40A5BF67A9CA0DB6 /* ActivityDetector.swift in Sources */ = {isa = PBXBuildFile; fileRef = 01CD04CA63678E1E5A88C6DD /* ActivityDetector.swift */; };
		474545F13DC8D1DEDF9DFE82 /* PaneView.swift in Sources */ = {isa = PBXBuildFile; fileRef = 7E81732037AA6C220F97524D /* PaneView.swift */; };
		54427CC4A185D0F7E92E3FDB /* Workspace.swift in Sources */ = {isa = PBXBuildFile; fileRef = 9D94E8F7178CEE997BFBD2DE /* Workspace.swift */; };
		6146A338B62D68B33E1C1FF4 /* WorkspaceView.swift in Sources */ = {isa = PBXBuildFile; fileRef = 352E37E25947E3A4FCCE0820 /* WorkspaceView.swift */; };
		762856B5CF7783802E4D53C1 /* SwiftTerm in Frameworks */ = {isa = PBXBuildFile; productRef = 63C2889D86E83DE719A3AD4E /* SwiftTerm */; };
		772BC885D9938EB3CB3E4A73 /* SidebarView.swift in Sources */ = {isa = PBXBuildFile; fileRef = C9779E9F27B17FDB4A064A73 /* SidebarView.swift */; };
		7E1048A84CF5419470F49908 /* ActivityState.swift in Sources */ = {isa = PBXBuildFile; fileRef = 053E738B84B9931A4C16D214 /* ActivityState.swift */; };
		7EF084192BC7524AE48261D6 /* GHNCodeApp.swift in Sources */ = {isa = PBXBuildFile; fileRef = D1C92B96F1003462B84892BB /* GHNCodeApp.swift */; };
		8A7774AEB812A9BA8489E173 /* WatchMode.swift in Sources */ = {isa = PBXBuildFile; fileRef = 4AD10B574AA458ED7D091E06 /* WatchMode.swift */; };
		8F55B8B347A67232C91A7585 /* SplitNodeView.swift in Sources */ = {isa = PBXBuildFile; fileRef = 026ABF7229DF2DBD91CD5E08 /* SplitNodeView.swift */; };
		914086771A024080C7894EAB /* PersistenceManager.swift in Sources */ = {isa = PBXBuildFile; fileRef = 4E052B504AB076F2B5E00019 /* PersistenceManager.swift */; };
		93A07A435BB24FC35DC7595B /* GitService.swift in Sources */ = {isa = PBXBuildFile; fileRef = DDEFFC7B10B780EE4D8F6BA4 /* GitService.swift */; };
		95DD063D5BBF9E077B4BD940 /* Assets.xcassets in Resources */ = {isa = PBXBuildFile; fileRef = 9D3AF6CC0E1182388537C93B /* Assets.xcassets */; };
		AAA3037710FAB3C070DAF33D /* SplitTree.swift in Sources */ = {isa = PBXBuildFile; fileRef = 272326128BF72F00F0552F76 /* SplitTree.swift */; };
		AF21A8B57790DFAA2AC23376 /* GitDiffPanel.swift in Sources */ = {isa = PBXBuildFile; fileRef = 3E76D0A57B44BB629843EFDE /* GitDiffPanel.swift */; };
		B305A465CE244B138A9D7160 /* ContentView.swift in Sources */ = {isa = PBXBuildFile; fileRef = 21D70000BF73C662217A74A9 /* ContentView.swift */; };
		B32616AB004B795F225B03D1 /* AppDelegate.swift in Sources */ = {isa = PBXBuildFile; fileRef = 782A7FA5100E5136FCA46A8F /* AppDelegate.swift */; };
		BE700B649DD10EFAF6D08AF5 /* WorkspaceManager.swift in Sources */ = {isa = PBXBuildFile; fileRef = 208EEFBC1E1278848A5CB30B /* WorkspaceManager.swift */; };
		BE87A96880FD54BD3CF516C1 /* TerminalSurfaceView.swift in Sources */ = {isa = PBXBuildFile; fileRef = 7B03CE49800F81550C36B6EF /* TerminalSurfaceView.swift */; };
		D32B8058AF12C2736BBEFE73 /* Theme.swift in Sources */ = {isa = PBXBuildFile; fileRef = F7EEBF8344FC732627383A85 /* Theme.swift */; };
		DFB690A8B15F8FB5879BEEE7 /* SearchOverlay.swift in Sources */ = {isa = PBXBuildFile; fileRef = 8F9836D7AD06DF47F2197F7F /* SearchOverlay.swift */; };
/* End PBXBuildFile section */

/* Begin PBXFileReference section */
		01CD04CA63678E1E5A88C6DD /* ActivityDetector.swift */ = {isa = PBXFileReference; lastKnownFileType = sourcecode.swift; path = ActivityDetector.swift; sourceTree = "<group>"; };
		026ABF7229DF2DBD91CD5E08 /* SplitNodeView.swift */ = {isa = PBXFileReference; lastKnownFileType = sourcecode.swift; path = SplitNodeView.swift; sourceTree = "<group>"; };
		053E738B84B9931A4C16D214 /* ActivityState.swift */ = {isa = PBXFileReference; lastKnownFileType = sourcecode.swift; path = ActivityState.swift; sourceTree = "<group>"; };
		208EEFBC1E1278848A5CB30B /* WorkspaceManager.swift */ = {isa = PBXFileReference; lastKnownFileType = sourcecode.swift; path = WorkspaceManager.swift; sourceTree = "<group>"; };
		21D70000BF73C662217A74A9 /* ContentView.swift */ = {isa = PBXFileReference; lastKnownFileType = sourcecode.swift; path = ContentView.swift; sourceTree = "<group>"; };
		272326128BF72F00F0552F76 /* SplitTree.swift */ = {isa = PBXFileReference; lastKnownFileType = sourcecode.swift; path = SplitTree.swift; sourceTree = "<group>"; };
		352E37E25947E3A4FCCE0820 /* WorkspaceView.swift */ = {isa = PBXFileReference; lastKnownFileType = sourcecode.swift; path = WorkspaceView.swift; sourceTree = "<group>"; };
		3E76D0A57B44BB629843EFDE /* GitDiffPanel.swift */ = {isa = PBXFileReference; lastKnownFileType = sourcecode.swift; path = GitDiffPanel.swift; sourceTree = "<group>"; };
		4AD10B574AA458ED7D091E06 /* WatchMode.swift */ = {isa = PBXFileReference; lastKnownFileType = sourcecode.swift; path = WatchMode.swift; sourceTree = "<group>"; };
		4E052B504AB076F2B5E00019 /* PersistenceManager.swift */ = {isa = PBXFileReference; lastKnownFileType = sourcecode.swift; path = PersistenceManager.swift; sourceTree = "<group>"; };
		5E2E320A75E69F49840E8235 /* GHN-code.app */ = {isa = PBXFileReference; explicitFileType = wrapper.application; includeInIndex = 0; path = "GHN-code.app"; sourceTree = BUILT_PRODUCTS_DIR; };
		782A7FA5100E5136FCA46A8F /* AppDelegate.swift */ = {isa = PBXFileReference; lastKnownFileType = sourcecode.swift; path = AppDelegate.swift; sourceTree = "<group>"; };
		7B03CE49800F81550C36B6EF /* TerminalSurfaceView.swift */ = {isa = PBXFileReference; lastKnownFileType = sourcecode.swift; path = TerminalSurfaceView.swift; sourceTree = "<group>"; };
		7E81732037AA6C220F97524D /* PaneView.swift */ = {isa = PBXFileReference; lastKnownFileType = sourcecode.swift; path = PaneView.swift; sourceTree = "<group>"; };
		81A12313DD74934B6613C7B5 /* AppCommands.swift */ = {isa = PBXFileReference; lastKnownFileType = sourcecode.swift; path = AppCommands.swift; sourceTree = "<group>"; };
		8F9836D7AD06DF47F2197F7F /* SearchOverlay.swift */ = {isa = PBXFileReference; lastKnownFileType = sourcecode.swift; path = SearchOverlay.swift; sourceTree = "<group>"; };
		9D3AF6CC0E1182388537C93B /* Assets.xcassets */ = {isa = PBXFileReference; lastKnownFileType = folder.assetcatalog; path = Assets.xcassets; sourceTree = "<group>"; };
		9D94E8F7178CEE997BFBD2DE /* Workspace.swift */ = {isa = PBXFileReference; lastKnownFileType = sourcecode.swift; path = Workspace.swift; sourceTree = "<group>"; };
		C9779E9F27B17FDB4A064A73 /* SidebarView.swift */ = {isa = PBXFileReference; lastKnownFileType = sourcecode.swift; path = SidebarView.swift; sourceTree = "<group>"; };
		D1C92B96F1003462B84892BB /* GHNCodeApp.swift */ = {isa = PBXFileReference; lastKnownFileType = sourcecode.swift; path = GHNCodeApp.swift; sourceTree = "<group>"; };
		DDEFFC7B10B780EE4D8F6BA4 /* GitService.swift */ = {isa = PBXFileReference; lastKnownFileType = sourcecode.swift; path = GitService.swift; sourceTree = "<group>"; };
		E815DBD675E5887408604705 /* GitStatus.swift */ = {isa = PBXFileReference; lastKnownFileType = sourcecode.swift; path = GitStatus.swift; sourceTree = "<group>"; };
		F2F56CA5D22D9BF2B7BBBE59 /* TerminalPanel.swift */ = {isa = PBXFileReference; lastKnownFileType = sourcecode.swift; path = TerminalPanel.swift; sourceTree = "<group>"; };
		F7EEBF8344FC732627383A85 /* Theme.swift */ = {isa = PBXFileReference; lastKnownFileType = sourcecode.swift; path = Theme.swift; sourceTree = "<group>"; };
/* End PBXFileReference section */

/* Begin PBXFrameworksBuildPhase section */
		35C551634D90AE33A7CEA974 /* Frameworks */ = {
			isa = PBXFrameworksBuildPhase;
			buildActionMask = 2147483647;
			files = (
				762856B5CF7783802E4D53C1 /* SwiftTerm in Frameworks */,
			);
			runOnlyForDeploymentPostprocessing = 0;
		};
/* End PBXFrameworksBuildPhase section */

/* Begin PBXGroup section */
		0E4C99D926E6F914493EDA39 /* Views */ = {
			isa = PBXGroup;
			children = (
				21D70000BF73C662217A74A9 /* ContentView.swift */,
				3E76D0A57B44BB629843EFDE /* GitDiffPanel.swift */,
				7E81732037AA6C220F97524D /* PaneView.swift */,
				8F9836D7AD06DF47F2197F7F /* SearchOverlay.swift */,
				C9779E9F27B17FDB4A064A73 /* SidebarView.swift */,
				026ABF7229DF2DBD91CD5E08 /* SplitNodeView.swift */,
				7B03CE49800F81550C36B6EF /* TerminalSurfaceView.swift */,
				F7EEBF8344FC732627383A85 /* Theme.swift */,
				352E37E25947E3A4FCCE0820 /* WorkspaceView.swift */,
			);
			path = Views;
			sourceTree = "<group>";
		};
		4195C0D66B0DDFCF5498815E /* Resources */ = {
			isa = PBXGroup;
			children = (
				9D3AF6CC0E1182388537C93B /* Assets.xcassets */,
			);
			path = Resources;
			sourceTree = "<group>";
		};
		5666EE1C2B31A78A6F0F2931 /* App */ = {
			isa = PBXGroup;
			children = (
				81A12313DD74934B6613C7B5 /* AppCommands.swift */,
				782A7FA5100E5136FCA46A8F /* AppDelegate.swift */,
				D1C92B96F1003462B84892BB /* GHNCodeApp.swift */,
			);
			path = App;
			sourceTree = "<group>";
		};
		60264530B9B94F2A14AF3751 /* Sources */ = {
			isa = PBXGroup;
			children = (
				5666EE1C2B31A78A6F0F2931 /* App */,
				6A53A3ECAFAB1F9B31DE24D1 /* Models */,
				B6BFFB324AE06056E7D8E2D6 /* Services */,
				0E4C99D926E6F914493EDA39 /* Views */,
			);
			path = Sources;
			sourceTree = "<group>";
		};
		6A53A3ECAFAB1F9B31DE24D1 /* Models */ = {
			isa = PBXGroup;
			children = (
				053E738B84B9931A4C16D214 /* ActivityState.swift */,
				E815DBD675E5887408604705 /* GitStatus.swift */,
				272326128BF72F00F0552F76 /* SplitTree.swift */,
				F2F56CA5D22D9BF2B7BBBE59 /* TerminalPanel.swift */,
				4AD10B574AA458ED7D091E06 /* WatchMode.swift */,
				9D94E8F7178CEE997BFBD2DE /* Workspace.swift */,
			);
			path = Models;
			sourceTree = "<group>";
		};
		B6BFFB324AE06056E7D8E2D6 /* Services */ = {
			isa = PBXGroup;
			children = (
				01CD04CA63678E1E5A88C6DD /* ActivityDetector.swift */,
				DDEFFC7B10B780EE4D8F6BA4 /* GitService.swift */,
				4E052B504AB076F2B5E00019 /* PersistenceManager.swift */,
				208EEFBC1E1278848A5CB30B /* WorkspaceManager.swift */,
			);
			path = Services;
			sourceTree = "<group>";
		};
		EB827973613605E9DA8149E1 /* Products */ = {
			isa = PBXGroup;
			children = (
				5E2E320A75E69F49840E8235 /* GHN-code.app */,
			);
			name = Products;
			sourceTree = "<group>";
		};
		EFA87F26EF662F7E792C13CE = {
			isa = PBXGroup;
			children = (
				4195C0D66B0DDFCF5498815E /* Resources */,
				60264530B9B94F2A14AF3751 /* Sources */,
				EB827973613605E9DA8149E1 /* Products */,
			);
			sourceTree = "<group>";
		};
/* End PBXGroup section */

/* Begin PBXNativeTarget section */
		A3287CFCD24DE8508186ECF7 /* GHN-code */ = {
			isa = PBXNativeTarget;
			buildConfigurationList = D81B4E27991689C18E3587DC /* Build configuration list for PBXNativeTarget "GHN-code" */;
			buildPhases = (
				EEC764E61A2886AF09FEC7F4 /* Sources */,
				1273A44F2AA0908665D44C64 /* Resources */,
				35C551634D90AE33A7CEA974 /* Frameworks */,
			);
			buildRules = (
			);
			dependencies = (
			);
			name = "GHN-code";
			packageProductDependencies = (
				63C2889D86E83DE719A3AD4E /* SwiftTerm */,
			);
			productName = "GHN-code";
			productReference = 5E2E320A75E69F49840E8235 /* GHN-code.app */;
			productType = "com.apple.product-type.application";
		};
/* End PBXNativeTarget section */

/* Begin PBXProject section */
		F039366D67211B900BB9569D /* Project object */ = {
			isa = PBXProject;
			attributes = {
				BuildIndependentTargetsInParallel = YES;
				LastUpgradeCheck = 1500;
				TargetAttributes = {
				};
			};
			buildConfigurationList = 3E67FB1B5F914324D7B0B55B /* Build configuration list for PBXProject "GHN-code" */;
			developmentRegion = en;
			hasScannedForEncodings = 0;
			knownRegions = (
				Base,
				en,
			);
			mainGroup = EFA87F26EF662F7E792C13CE;
			minimizedProjectReferenceProxies = 1;
			packageReferences = (
				5869AF23459DE0F2A888A9F7 /* XCRemoteSwiftPackageReference "SwiftTerm" */,
			);
			preferredProjectObjectVersion = 77;
			productRefGroup = EB827973613605E9DA8149E1 /* Products */;
			projectDirPath = "";
			projectRoot = "";
			targets = (
				A3287CFCD24DE8508186ECF7 /* GHN-code */,
			);
		};
/* End PBXProject section */

/* Begin PBXResourcesBuildPhase section */
		1273A44F2AA0908665D44C64 /* Resources */ = {
			isa = PBXResourcesBuildPhase;
			buildActionMask = 2147483647;
			files = (
				95DD063D5BBF9E077B4BD940 /* Assets.xcassets in Resources */,
			);
			runOnlyForDeploymentPostprocessing = 0;
		};
/* End PBXResourcesBuildPhase section */

/* Begin PBXSourcesBuildPhase section */
		EEC764E61A2886AF09FEC7F4 /* Sources */ = {
			isa = PBXSourcesBuildPhase;
			buildActionMask = 2147483647;
			files = (
				3D32163E40A5BF67A9CA0DB6 /* ActivityDetector.swift in Sources */,
				7E1048A84CF5419470F49908 /* ActivityState.swift in Sources */,
				2ECB4EC9FF76A07676CBE5B2 /* AppCommands.swift in Sources */,
				B32616AB004B795F225B03D1 /* AppDelegate.swift in Sources */,
				B305A465CE244B138A9D7160 /* ContentView.swift in Sources */,
				7EF084192BC7524AE48261D6 /* GHNCodeApp.swift in Sources */,
				AF21A8B57790DFAA2AC23376 /* GitDiffPanel.swift in Sources */,
				93A07A435BB24FC35DC7595B /* GitService.swift in Sources */,
				31E2AA58DEC809FCB0172A5B /* GitStatus.swift in Sources */,
				474545F13DC8D1DEDF9DFE82 /* PaneView.swift in Sources */,
				914086771A024080C7894EAB /* PersistenceManager.swift in Sources */,
				DFB690A8B15F8FB5879BEEE7 /* SearchOverlay.swift in Sources */,
				772BC885D9938EB3CB3E4A73 /* SidebarView.swift in Sources */,
				8F55B8B347A67232C91A7585 /* SplitNodeView.swift in Sources */,
				AAA3037710FAB3C070DAF33D /* SplitTree.swift in Sources */,
				1517CFBAF9CAADB55C1BAA02 /* TerminalPanel.swift in Sources */,
				BE87A96880FD54BD3CF516C1 /* TerminalSurfaceView.swift in Sources */,
				D32B8058AF12C2736BBEFE73 /* Theme.swift in Sources */,
				8A7774AEB812A9BA8489E173 /* WatchMode.swift in Sources */,
				54427CC4A185D0F7E92E3FDB /* Workspace.swift in Sources */,
				BE700B649DD10EFAF6D08AF5 /* WorkspaceManager.swift in Sources */,
				6146A338B62D68B33E1C1FF4 /* WorkspaceView.swift in Sources */,
			);
			runOnlyForDeploymentPostprocessing = 0;
		};
/* End PBXSourcesBuildPhase section */

/* Begin XCBuildConfiguration section */
		04885028CF1C74B31BEFB3C2 /* Release */ = {
			isa = XCBuildConfiguration;
			buildSettings = {
				ASSETCATALOG_COMPILER_APPICON_NAME = AppIcon;
				CODE_SIGN_ENTITLEMENTS = Resources/GHNCode.entitlements;
				CODE_SIGN_IDENTITY = "-";
				COMBINE_HIDPI_IMAGES = YES;
				CURRENT_PROJECT_VERSION = 1;
				ENABLE_HARDENED_RUNTIME = NO;
				GENERATE_INFOPLIST_FILE = YES;
				INFOPLIST_KEY_CFBundleDisplayName = "GHN-code";
				INFOPLIST_KEY_LSApplicationCategoryType = "public.app-category.developer-tools";
				INFOPLIST_KEY_NSHumanReadableCopyright = "";
				LD_RUNPATH_SEARCH_PATHS = (
					"$(inherited)",
					"@executable_path/../Frameworks",
				);
				MACOSX_DEPLOYMENT_TARGET = 14.0;
				MARKETING_VERSION = 0.1.0;
				PRODUCT_BUNDLE_IDENTIFIER = com.ghn.code;
				PRODUCT_NAME = "GHN-code";
				SDKROOT = macosx;
				SWIFT_VERSION = 5.9;
			};
			name = Release;
		};
		4CAFA8BAC9E56185660A1AD3 /* Release */ = {
			isa = XCBuildConfiguration;
			buildSettings = {
				ALWAYS_SEARCH_USER_PATHS = NO;
				CLANG_ANALYZER_NONNULL = YES;
				CLANG_ANALYZER_NUMBER_OBJECT_CONVERSION = YES_AGGRESSIVE;
				CLANG_CXX_LANGUAGE_STANDARD = "gnu++14";
				CLANG_CXX_LIBRARY = "libc++";
				CLANG_ENABLE_MODULES = YES;
				CLANG_ENABLE_OBJC_ARC = YES;
				CLANG_ENABLE_OBJC_WEAK = YES;
				CLANG_WARN_BLOCK_CAPTURE_AUTORELEASING = YES;
				CLANG_WARN_BOOL_CONVERSION = YES;
				CLANG_WARN_COMMA = YES;
				CLANG_WARN_CONSTANT_CONVERSION = YES;
				CLANG_WARN_DEPRECATED_OBJC_IMPLEMENTATIONS = YES;
				CLANG_WARN_DIRECT_OBJC_ISA_USAGE = YES_ERROR;
				CLANG_WARN_DOCUMENTATION_COMMENTS = YES;
				CLANG_WARN_EMPTY_BODY = YES;
				CLANG_WARN_ENUM_CONVERSION = YES;
				CLANG_WARN_INFINITE_RECURSION = YES;
				CLANG_WARN_INT_CONVERSION = YES;
				CLANG_WARN_NON_LITERAL_NULL_CONVERSION = YES;
				CLANG_WARN_OBJC_IMPLICIT_RETAIN_SELF = YES;
				CLANG_WARN_OBJC_LITERAL_CONVERSION = YES;
				CLANG_WARN_OBJC_ROOT_CLASS = YES_ERROR;
				CLANG_WARN_QUOTED_INCLUDE_IN_FRAMEWORK_HEADER = YES;
				CLANG_WARN_RANGE_LOOP_ANALYSIS = YES;
				CLANG_WARN_STRICT_PROTOTYPES = YES;
				CLANG_WARN_SUSPICIOUS_MOVE = YES;
				CLANG_WARN_UNGUARDED_AVAILABILITY = YES_AGGRESSIVE;
				CLANG_WARN_UNREACHABLE_CODE = YES;
				CLANG_WARN__DUPLICATE_METHOD_MATCH = YES;
				COPY_PHASE_STRIP = NO;
				DEBUG_INFORMATION_FORMAT = "dwarf-with-dsym";
				ENABLE_NS_ASSERTIONS = NO;
				ENABLE_STRICT_OBJC_MSGSEND = YES;
				GCC_C_LANGUAGE_STANDARD = gnu11;
				GCC_NO_COMMON_BLOCKS = YES;
				GCC_WARN_64_TO_32_BIT_CONVERSION = YES;
				GCC_WARN_ABOUT_RETURN_TYPE = YES_ERROR;
				GCC_WARN_UNDECLARED_SELECTOR = YES;
				GCC_WARN_UNINITIALIZED_AUTOS = YES_AGGRESSIVE;
				GCC_WARN_UNUSED_FUNCTION = YES;
				GCC_WARN_UNUSED_VARIABLE = YES;
				MACOSX_DEPLOYMENT_TARGET = 14.0;
				MTL_ENABLE_DEBUG_INFO = NO;
				MTL_FAST_MATH = YES;
				PRODUCT_NAME = "$(TARGET_NAME)";
				SDKROOT = macosx;
				SWIFT_COMPILATION_MODE = wholemodule;
				SWIFT_OPTIMIZATION_LEVEL = "-O";
				SWIFT_VERSION = 5.0;
			};
			name = Release;
		};
		6184CCDE17ADE000B08249AB /* Debug */ = {
			isa = XCBuildConfiguration;
			buildSettings = {
				ASSETCATALOG_COMPILER_APPICON_NAME = AppIcon;
				CODE_SIGN_ENTITLEMENTS = Resources/GHNCode.entitlements;
				CODE_SIGN_IDENTITY = "-";
				COMBINE_HIDPI_IMAGES = YES;
				CURRENT_PROJECT_VERSION = 1;
				ENABLE_HARDENED_RUNTIME = NO;
				GENERATE_INFOPLIST_FILE = YES;
				INFOPLIST_KEY_CFBundleDisplayName = "GHN-code";
				INFOPLIST_KEY_LSApplicationCategoryType = "public.app-category.developer-tools";
				INFOPLIST_KEY_NSHumanReadableCopyright = "";
				LD_RUNPATH_SEARCH_PATHS = (
					"$(inherited)",
					"@executable_path/../Frameworks",
				);
				MACOSX_DEPLOYMENT_TARGET = 14.0;
				MARKETING_VERSION = 0.1.0;
				PRODUCT_BUNDLE_IDENTIFIER = com.ghn.code;
				PRODUCT_NAME = "GHN-code";
				SDKROOT = macosx;
				SWIFT_VERSION = 5.9;
			};
			name = Debug;
		};
		CC798838AB025E7D40B835A8 /* Debug */ = {
			isa = XCBuildConfiguration;
			buildSettings = {
				ALWAYS_SEARCH_USER_PATHS = NO;
				CLANG_ANALYZER_NONNULL = YES;
				CLANG_ANALYZER_NUMBER_OBJECT_CONVERSION = YES_AGGRESSIVE;
				CLANG_CXX_LANGUAGE_STANDARD = "gnu++14";
				CLANG_CXX_LIBRARY = "libc++";
				CLANG_ENABLE_MODULES = YES;
				CLANG_ENABLE_OBJC_ARC = YES;
				CLANG_ENABLE_OBJC_WEAK = YES;
				CLANG_WARN_BLOCK_CAPTURE_AUTORELEASING = YES;
				CLANG_WARN_BOOL_CONVERSION = YES;
				CLANG_WARN_COMMA = YES;
				CLANG_WARN_CONSTANT_CONVERSION = YES;
				CLANG_WARN_DEPRECATED_OBJC_IMPLEMENTATIONS = YES;
				CLANG_WARN_DIRECT_OBJC_ISA_USAGE = YES_ERROR;
				CLANG_WARN_DOCUMENTATION_COMMENTS = YES;
				CLANG_WARN_EMPTY_BODY = YES;
				CLANG_WARN_ENUM_CONVERSION = YES;
				CLANG_WARN_INFINITE_RECURSION = YES;
				CLANG_WARN_INT_CONVERSION = YES;
				CLANG_WARN_NON_LITERAL_NULL_CONVERSION = YES;
				CLANG_WARN_OBJC_IMPLICIT_RETAIN_SELF = YES;
				CLANG_WARN_OBJC_LITERAL_CONVERSION = YES;
				CLANG_WARN_OBJC_ROOT_CLASS = YES_ERROR;
				CLANG_WARN_QUOTED_INCLUDE_IN_FRAMEWORK_HEADER = YES;
				CLANG_WARN_RANGE_LOOP_ANALYSIS = YES;
				CLANG_WARN_STRICT_PROTOTYPES = YES;
				CLANG_WARN_SUSPICIOUS_MOVE = YES;
				CLANG_WARN_UNGUARDED_AVAILABILITY = YES_AGGRESSIVE;
				CLANG_WARN_UNREACHABLE_CODE = YES;
				CLANG_WARN__DUPLICATE_METHOD_MATCH = YES;
				COPY_PHASE_STRIP = NO;
				DEBUG_INFORMATION_FORMAT = dwarf;
				ENABLE_STRICT_OBJC_MSGSEND = YES;
				ENABLE_TESTABILITY = YES;
				GCC_C_LANGUAGE_STANDARD = gnu11;
				GCC_DYNAMIC_NO_PIC = NO;
				GCC_NO_COMMON_BLOCKS = YES;
				GCC_OPTIMIZATION_LEVEL = 0;
				GCC_PREPROCESSOR_DEFINITIONS = (
					"$(inherited)",
					"DEBUG=1",
				);
				GCC_WARN_64_TO_32_BIT_CONVERSION = YES;
				GCC_WARN_ABOUT_RETURN_TYPE = YES_ERROR;
				GCC_WARN_UNDECLARED_SELECTOR = YES;
				GCC_WARN_UNINITIALIZED_AUTOS = YES_AGGRESSIVE;
				GCC_WARN_UNUSED_FUNCTION = YES;
				GCC_WARN_UNUSED_VARIABLE = YES;
				MACOSX_DEPLOYMENT_TARGET = 14.0;
				MTL_ENABLE_DEBUG_INFO = INCLUDE_SOURCE;
				MTL_FAST_MATH = YES;
				ONLY_ACTIVE_ARCH = YES;
				PRODUCT_NAME = "$(TARGET_NAME)";
				SDKROOT = macosx;
				SWIFT_ACTIVE_COMPILATION_CONDITIONS = DEBUG;
				SWIFT_OPTIMIZATION_LEVEL = "-Onone";
				SWIFT_VERSION = 5.0;
			};
			name = Debug;
		};
/* End XCBuildConfiguration section */

/* Begin XCConfigurationList section */
		3E67FB1B5F914324D7B0B55B /* Build configuration list for PBXProject "GHN-code" */ = {
			isa = XCConfigurationList;
			buildConfigurations = (
				CC798838AB025E7D40B835A8 /* Debug */,
				4CAFA8BAC9E56185660A1AD3 /* Release */,
			);
			defaultConfigurationIsVisible = 0;
			defaultConfigurationName = Debug;
		};
		D81B4E27991689C18E3587DC /* Build configuration list for PBXNativeTarget "GHN-code" */ = {
			isa = XCConfigurationList;
			buildConfigurations = (
				6184CCDE17ADE000B08249AB /* Debug */,
				04885028CF1C74B31BEFB3C2 /* Release */,
			);
			defaultConfigurationIsVisible = 0;
			defaultConfigurationName = Debug;
		};
/* End XCConfigurationList section */

/* Begin XCRemoteSwiftPackageReference section */
		5869AF23459DE0F2A888A9F7 /* XCRemoteSwiftPackageReference "SwiftTerm" */ = {
			isa = XCRemoteSwiftPackageReference;
			repositoryURL = "https://github.com/migueldeicaza/SwiftTerm.git";
			requirement = {
				kind = upToNextMajorVersion;
				minimumVersion = 1.0.0;
			};
		};
/* End XCRemoteSwiftPackageReference section */

/* Begin XCSwiftPackageProductDependency section */
		63C2889D86E83DE719A3AD4E /* SwiftTerm */ = {
			isa = XCSwiftPackageProductDependency;
			package = 5869AF23459DE0F2A888A9F7 /* XCRemoteSwiftPackageReference "SwiftTerm" */;
			productName = SwiftTerm;
		};
/* End XCSwiftPackageProductDependency section */
	};
	rootObject = F039366D67211B900BB9569D /* Project object */;
}
